
Microsoft Visual Studio Solution File, Format Version 12.00
# Visual Studio Version 16
VisualStudioVersion = 16.0.31424.327
MinimumVisualStudioVersion = 10.0.40219.1
Project("{FAE04EC0-301F-11D3-BF4B-00C04F79EFBC}") = "MoreUsersApp", "MoreUsersApp\MoreUsersApp.csproj", "{1B09A602-C457-43E9-B78D-C78D903CA612}"
EndProject
Global
	GlobalSection(SolutionConfigurationPlatforms) = preSolution
		Debug|Any CPU = Debug|Any CPU
		Release|Any CPU = Release|Any CPU
	EndGlobalSection
	GlobalSection(ProjectConfigurationPlatforms) = postSolution
		{1B09A602-C457-43E9-B78D-C78D903CA612}.Debug|Any CPU.ActiveCfg = Debug|Any CPU
		{1B09A602-C457-43E9-B78D-C78D903CA612}.Debug|Any CPU.Build.0 = Debug|Any CPU
		{1B09A602-C457-43E9-B78D-C78D903CA612}.Release|Any CPU.ActiveCfg = Release|Any CPU
		{1B09A602-C457-43E9-B78D-C78D903CA612}.Release|Any CPU.Build.0 = Release|Any CPU
	EndGlobalSection
	GlobalSection(SolutionProperties) = preSolution
		HideSolutionNode = FALSE
	EndGlobalSection
	GlobalSection(ExtensibilityGlobals) = postSolution
		SolutionGuid = {24C1BD36-573E-4288-B361-0F2C21255FE8}
	EndGlobalSection
EndGlobal
